
Microsoft Visual Studio Solution File, Format Version 12.00
# Visual Studio 2013
VisualStudioVersion = 12.0.30501.0
MinimumVisualStudioVersion = 10.0.40219.1
Project("{FAE04EC0-301F-11D3-BF4B-00C04F79EFBC}") = "SPAHelper.4.0", "SPAHelper\SPAHelper.4.0.csproj", "{909666FF-501B-405F-BEFA-1CBDF60A10B7}"
EndProject
Project("{2150E333-8FDC-42A3-9474-1A3956D46DE8}") = "docs", "docs", "{24CED1DD-2899-46F1-9F43-ADA600C701AC}"
	ProjectSection(SolutionItems) = preProject
		readme.md = readme.md
		docs\SPAHelper.md = docs\SPAHelper.md
		docs\SPAHelperResult.md = docs\SPAHelperResult.md
		docs\SPAModel.md = docs\SPAModel.md
		docs\SPAWebViewPage.md = docs\SPAWebViewPage.md
	EndProjectSection
EndProject
Project("{FAE04EC0-301F-11D3-BF4B-00C04F79EFBC}") = "SPAHelper.5.1", "SPAHelper.5.1\SPAHelper.5.1.csproj", "{441DA344-F38A-466D-A8FA-F5EC99138856}"
EndProject
Global
	GlobalSection(SolutionConfigurationPlatforms) = preSolution
		Debug|Any CPU = Debug|Any CPU
		Release|Any CPU = Release|Any CPU
	EndGlobalSection
	GlobalSection(ProjectConfigurationPlatforms) = postSolution
		{909666FF-501B-405F-BEFA-1CBDF60A10B7}.Debug|Any CPU.ActiveCfg = Debug|Any CPU
		{909666FF-501B-405F-BEFA-1CBDF60A10B7}.Debug|Any CPU.Build.0 = Debug|Any CPU
		{909666FF-501B-405F-BEFA-1CBDF60A10B7}.Release|Any CPU.ActiveCfg = Release|Any CPU
		{909666FF-501B-405F-BEFA-1CBDF60A10B7}.Release|Any CPU.Build.0 = Release|Any CPU
		{441DA344-F38A-466D-A8FA-F5EC99138856}.Debug|Any CPU.ActiveCfg = Debug|Any CPU
		{441DA344-F38A-466D-A8FA-F5EC99138856}.Debug|Any CPU.Build.0 = Debug|Any CPU
		{441DA344-F38A-466D-A8FA-F5EC99138856}.Release|Any CPU.ActiveCfg = Release|Any CPU
		{441DA344-F38A-466D-A8FA-F5EC99138856}.Release|Any CPU.Build.0 = Release|Any CPU
	EndGlobalSection
	GlobalSection(SolutionProperties) = preSolution
		HideSolutionNode = FALSE
	EndGlobalSection
EndGlobal
